
Microsoft Visual Studio Solution File, Format Version 12.00
# Visual Studio Version 17
VisualStudioVersion = 17.9.34728.123
MinimumVisualStudioVersion = 10.0.40219.1
Project("{FAE04EC0-301F-11D3-BF4B-00C04F79EFBC}") = "RevendaCarros-Dc", "RevendaCarros-Dc\RevendaCarros-Dc.csproj", "{9F68F5B1-6310-4B7A-82F4-2A32B0EF6AF3}"
EndProject
Global
	GlobalSection(SolutionConfigurationPlatforms) = preSolution
		Debug|Any CPU = Debug|Any CPU
		Release|Any CPU = Release|Any CPU
	EndGlobalSection
	GlobalSection(ProjectConfigurationPlatforms) = postSolution
		{9F68F5B1-6310-4B7A-82F4-2A32B0EF6AF3}.Debug|Any CPU.ActiveCfg = Debug|Any CPU
		{9F68F5B1-6310-4B7A-82F4-2A32B0EF6AF3}.Debug|Any CPU.Build.0 = Debug|Any CPU
		{9F68F5B1-6310-4B7A-82F4-2A32B0EF6AF3}.Release|Any CPU.ActiveCfg = Release|Any CPU
		{9F68F5B1-6310-4B7A-82F4-2A32B0EF6AF3}.Release|Any CPU.Build.0 = Release|Any CPU
	EndGlobalSection
	GlobalSection(SolutionProperties) = preSolution
		HideSolutionNode = FALSE
	EndGlobalSection
	GlobalSection(ExtensibilityGlobals) = postSolution
		SolutionGuid = {AD1B4A26-3324-4FDE-A273-881C866F60A2}
	EndGlobalSection
EndGlobal
